
Microsoft Visual Studio Solution File, Format Version 12.00
# Visual Studio Version 17
VisualStudioVersion = 17.8.34525.116
MinimumVisualStudioVersion = 10.0.40219.1
Project("{9A19103F-16F7-4668-BE54-9A1E7A4F7556}") = "Evotec.Server", "Evotec.Server\Evotec.Server.csproj", "{E6C9E520-69E4-4C7F-9C83-9072DEA36D17}"
EndProject
Project("{9A19103F-16F7-4668-BE54-9A1E7A4F7556}") = "Evotec.Shared", "Evotec.Shared\Evotec.Shared.csproj", "{0702EFCB-BF30-461D-94AD-F94B2FCD21C2}"
EndProject
Project("{9A19103F-16F7-4668-BE54-9A1E7A4F7556}") = "Evotec.Client", "Evotec.Client\Evotec.Client.csproj", "{FF68C0F5-EADF-422A-92DD-C178BDFFE838}"
EndProject
Global
	GlobalSection(SolutionConfigurationPlatforms) = preSolution
		Debug|Any CPU = Debug|Any CPU
		Release|Any CPU = Release|Any CPU
	EndGlobalSection
	GlobalSection(ProjectConfigurationPlatforms) = postSolution
		{E6C9E520-69E4-4C7F-9C83-9072DEA36D17}.Debug|Any CPU.ActiveCfg = Debug|Any CPU
		{E6C9E520-69E4-4C7F-9C83-9072DEA36D17}.Debug|Any CPU.Build.0 = Debug|Any CPU
		{E6C9E520-69E4-4C7F-9C83-9072DEA36D17}.Release|Any CPU.ActiveCfg = Release|Any CPU
		{E6C9E520-69E4-4C7F-9C83-9072DEA36D17}.Release|Any CPU.Build.0 = Release|Any CPU
		{0702EFCB-BF30-461D-94AD-F94B2FCD21C2}.Debug|Any CPU.ActiveCfg = Debug|Any CPU
		{0702EFCB-BF30-461D-94AD-F94B2FCD21C2}.Debug|Any CPU.Build.0 = Debug|Any CPU
		{0702EFCB-BF30-461D-94AD-F94B2FCD21C2}.Release|Any CPU.ActiveCfg = Release|Any CPU
		{0702EFCB-BF30-461D-94AD-F94B2FCD21C2}.Release|Any CPU.Build.0 = Release|Any CPU
		{FF68C0F5-EADF-422A-92DD-C178BDFFE838}.Debug|Any CPU.ActiveCfg = Debug|Any CPU
		{FF68C0F5-EADF-422A-92DD-C178BDFFE838}.Debug|Any CPU.Build.0 = Debug|Any CPU
		{FF68C0F5-EADF-422A-92DD-C178BDFFE838}.Release|Any CPU.ActiveCfg = Release|Any CPU
		{FF68C0F5-EADF-422A-92DD-C178BDFFE838}.Release|Any CPU.Build.0 = Release|Any CPU
	EndGlobalSection
	GlobalSection(SolutionProperties) = preSolution
		HideSolutionNode = FALSE
	EndGlobalSection
	GlobalSection(ExtensibilityGlobals) = postSolution
		SolutionGuid = {1DBA01DD-B23C-4BFB-9C0A-99993891800E}
	EndGlobalSection
EndGlobal
